
Microsoft Visual Studio Solution File, Format Version 12.00
# Visual Studio Version 16
VisualStudioVersion = 16.0.29728.190
MinimumVisualStudioVersion = 10.0.40219.1
Project("{FAE04EC0-301F-11D3-BF4B-00C04F79EFBC}") = "CheWei_Task7Practice2", "CheWei_Task7Practice2.csproj", "{B4057300-AA89-4960-B184-D72CABD103CC}"
EndProject
Global
	GlobalSection(SolutionConfigurationPlatforms) = preSolution
		Debug|Any CPU = Debug|Any CPU
		Release|Any CPU = Release|Any CPU
	EndGlobalSection
	GlobalSection(ProjectConfigurationPlatforms) = postSolution
		{B4057300-AA89-4960-B184-D72CABD103CC}.Debug|Any CPU.ActiveCfg = Debug|Any CPU
		{B4057300-AA89-4960-B184-D72CABD103CC}.Debug|Any CPU.Build.0 = Debug|Any CPU
		{B4057300-AA89-4960-B184-D72CABD103CC}.Release|Any CPU.ActiveCfg = Release|Any CPU
		{B4057300-AA89-4960-B184-D72CABD103CC}.Release|Any CPU.Build.0 = Release|Any CPU
	EndGlobalSection
	GlobalSection(SolutionProperties) = preSolution
		HideSolutionNode = FALSE
	EndGlobalSection
	GlobalSection(ExtensibilityGlobals) = postSolution
		SolutionGuid = {B6F98F43-1322-4EF8-8424-A97E956BDD90}
	EndGlobalSection
EndGlobal
